
Microsoft Visual Studio Solution File, Format Version 12.00
Project("{8BC9CEB8-8B4A-11D0-8D11-00A0C91BC942}") = "Van2", "Van2\Van2.vcxproj", "{D8E1C989-113F-49A3-855B-AF4D0E04BE23}"
EndProject
Global
	GlobalSection(SolutionConfigurationPlatforms) = preSolution
		Debug|Win32 = Debug|Win32
		Debug|x64 = Debug|x64
		Release|Win32 = Release|Win32
		Release|x64 = Release|x64
	EndGlobalSection
	GlobalSection(ProjectConfigurationPlatforms) = postSolution
		{D8E1C989-113F-49A3-855B-AF4D0E04BE23}.Debug|Win32.ActiveCfg = Debug|Win32
		{D8E1C989-113F-49A3-855B-AF4D0E04BE23}.Debug|Win32.Build.0 = Debug|Win32
		{D8E1C989-113F-49A3-855B-AF4D0E04BE23}.Debug|x64.ActiveCfg = Debug|x64
		{D8E1C989-113F-49A3-855B-AF4D0E04BE23}.Debug|x64.Build.0 = Debug|x64
		{D8E1C989-113F-49A3-855B-AF4D0E04BE23}.Release|Win32.ActiveCfg = Release|Win32
		{D8E1C989-113F-49A3-855B-AF4D0E04BE23}.Release|Win32.Build.0 = Release|Win32
		{D8E1C989-113F-49A3-855B-AF4D0E04BE23}.Release|x64.ActiveCfg = Release|x64
		{D8E1C989-113F-49A3-855B-AF4D0E04BE23}.Release|x64.Build.0 = Release|x64
	EndGlobalSection
EndGlobal
